{
  "requires": true,
  "lockfileVersion": 1,
  "dependencies": {
    "@bem/deps": {
      "version": "0.1.1",
      "resolved": "https://registry.npmjs.org/@bem/deps/-/deps-0.1.1.tgz",
      "integrity": "sha1-yIMEtwHo9Jm6K3b0lano3yZofxk=",
      "requires": {
        "bem-naming": "1.0.1",
        "bem-walk": "1.0.0-1",
        "lodash": "4.12.0"
      },
      "dependencies": {
        "lodash": {
          "version": "4.12.0",
          "resolved": "https://registry.npmjs.org/lodash/-/lodash-4.12.0.tgz",
          "integrity": "sha1-K9bcRqBA9Z5obJcu0h2T3FkFMlg="
        }
      }
    },
    "any-promise": {
      "version": "1.3.0",
      "resolved": "https://registry.npmjs.org/any-promise/-/any-promise-1.3.0.tgz",
      "integrity": "sha1-q8av7tzqUugJzcA3au0845Y10X8="
    },
    "asap": {
      "version": "2.0.6",
      "resolved": "https://registry.npmjs.org/asap/-/asap-2.0.6.tgz",
      "integrity": "sha1-5QNHYR1+aQlDIIu9r+vLwvuGbUY="
    },
    "async": {
      "version": "0.2.10",
      "resolved": "https://registry.npmjs.org/async/-/async-0.2.10.tgz",
      "integrity": "sha1-trvgsGdLnXGXCMo43owjfLUmw9E="
    },
    "async-each": {
      "version": "1.0.0",
      "resolved": "https://registry.npmjs.org/async-each/-/async-each-1.0.0.tgz",
      "integrity": "sha1-tTGSJsKdmSd99jyK7gQJOqXx058="
    },
    "atob": {
      "version": "2.0.3",
      "resolved": "https://registry.npmjs.org/atob/-/atob-2.0.3.tgz",
      "integrity": "sha1-GcenYEc3dEaPILLS0DNyrX1Mv10="
    },
    "balanced-match": {
      "version": "1.0.0",
      "resolved": "https://registry.npmjs.org/balanced-match/-/balanced-match-1.0.0.tgz",
      "integrity": "sha1-ibTRmasr7kneFk6gK4nORi1xt2c="
    },
    "bem-naming": {
      "version": "1.0.1",
      "resolved": "https://registry.npmjs.org/bem-naming/-/bem-naming-1.0.1.tgz",
      "integrity": "sha1-15cjOcueWd0FWJqdH9G91059/Cw="
    },
    "bem-walk": {
      "version": "1.0.0-1",
      "resolved": "https://registry.npmjs.org/bem-walk/-/bem-walk-1.0.0-1.tgz",
      "integrity": "sha1-uwcaxz7wtTVfCFiF6KBivQUmWWY=",
      "requires": {
        "async-each": "1.0.0",
        "bem-naming": "1.0.1"
      }
    },
    "bem-xjst": {
      "version": "8.8.4",
      "resolved": "https://registry.npmjs.org/bem-xjst/-/bem-xjst-8.8.4.tgz",
      "integrity": "sha512-9ibe9IXkY3pl0YgBjXUjaQj/RmmT8JJNacR0GROcEJ7X9xuemYoAGiQ0BYZVEHjnKXewlHGszqYp9tS8A54d4Q==",
      "requires": {
        "coa": "1.0.4",
        "enb-source-map": "1.11.0",
        "inherits": "2.0.3",
        "q": "2.0.3"
      }
    },
    "benchmark": {
      "version": "2.1.0",
      "resolved": "https://registry.npmjs.org/benchmark/-/benchmark-2.1.0.tgz",
      "integrity": "sha1-fWPHu0PkVwTj4TK67g9I53D+oLg=",
      "requires": {
        "lodash": "4.17.4",
        "platform": "1.3.4"
      }
    },
    "brace-expansion": {
      "version": "1.1.8",
      "resolved": "https://registry.npmjs.org/brace-expansion/-/brace-expansion-1.1.8.tgz",
      "integrity": "sha1-wHshHHyVLsH479Uad+8NHTmQopI=",
      "requires": {
        "balanced-match": "1.0.0",
        "concat-map": "0.0.1"
      }
    },
    "btoa": {
      "version": "1.1.2",
      "resolved": "https://registry.npmjs.org/btoa/-/btoa-1.1.2.tgz",
      "integrity": "sha1-PkC4FmP4HS3WWWpMtxSo3BbPq+A="
    },
    "cliff": {
      "version": "0.1.10",
      "resolved": "https://registry.npmjs.org/cliff/-/cliff-0.1.10.tgz",
      "integrity": "sha1-U74z6p9ZvshWCe4wCsQgdgPlIBM=",
      "requires": {
        "colors": "1.0.3",
        "eyes": "0.1.8",
        "winston": "0.8.3"
      }
    },
    "coa": {
      "version": "1.0.4",
      "resolved": "https://registry.npmjs.org/coa/-/coa-1.0.4.tgz",
      "integrity": "sha1-qe8VNmDWqGqL3sAomlxoTSF0Mv0=",
      "requires": {
        "q": "1.5.1"
      },
      "dependencies": {
        "q": {
          "version": "1.5.1",
          "resolved": "https://registry.npmjs.org/q/-/q-1.5.1.tgz",
          "integrity": "sha1-fjL3W0E4EpHQRhHxvxQQmsAGUdc="
        }
      }
    },
    "colors": {
      "version": "1.0.3",
      "resolved": "https://registry.npmjs.org/colors/-/colors-1.0.3.tgz",
      "integrity": "sha1-BDP0TYCWgP3rYO0mDxsMJi6CpAs="
    },
    "concat-map": {
      "version": "0.0.1",
      "resolved": "https://registry.npmjs.org/concat-map/-/concat-map-0.0.1.tgz",
      "integrity": "sha1-2Klr13/Wjfd5OnMDajug1UBdR3s="
    },
    "core-js": {
      "version": "1.2.7",
      "resolved": "https://registry.npmjs.org/core-js/-/core-js-1.2.7.tgz",
      "integrity": "sha1-ZSKUwUZR2yj6k70tX/KYOk8IxjY="
    },
    "cycle": {
      "version": "1.0.3",
      "resolved": "https://registry.npmjs.org/cycle/-/cycle-1.0.3.tgz",
      "integrity": "sha1-IegLK+hYD5i0aPN5QwZisEbDStI="
    },
    "enb-source-map": {
      "version": "1.11.0",
      "resolved": "https://registry.npmjs.org/enb-source-map/-/enb-source-map-1.11.0.tgz",
      "integrity": "sha1-fg20MsgDolrI3wJYPp/Rk4+yAe4=",
      "requires": {
        "atob": "2.0.3",
        "btoa": "1.1.2",
        "source-map": "0.5.6"
      }
    },
    "encoding": {
      "version": "0.1.12",
      "resolved": "https://registry.npmjs.org/encoding/-/encoding-0.1.12.tgz",
      "integrity": "sha1-U4tm8+5izRq1HsMjgp0flIDHS+s=",
      "requires": {
        "iconv-lite": "0.4.19"
      }
    },
    "eyes": {
      "version": "0.1.8",
      "resolved": "https://registry.npmjs.org/eyes/-/eyes-0.1.8.tgz",
      "integrity": "sha1-Ys8SAjTGg3hdkCNIqADvPgzCC8A="
    },
    "fbjs": {
      "version": "0.8.16",
      "resolved": "https://registry.npmjs.org/fbjs/-/fbjs-0.8.16.tgz",
      "integrity": "sha1-XmdDL1UNxBtXK/VYR7ispk5TN9s=",
      "requires": {
        "core-js": "1.2.7",
        "isomorphic-fetch": "2.2.1",
        "loose-envify": "1.3.1",
        "object-assign": "4.1.1",
        "promise": "7.3.1",
        "setimmediate": "1.0.5",
        "ua-parser-js": "0.7.17"
      }
    },
    "fs-extra": {
      "version": "0.30.0",
      "resolved": "https://registry.npmjs.org/fs-extra/-/fs-extra-0.30.0.tgz",
      "integrity": "sha1-8jP/zAjU2n1DLapEl3aYnbHfk/A=",
      "requires": {
        "graceful-fs": "4.1.11",
        "jsonfile": "2.4.0",
        "klaw": "1.3.1",
        "path-is-absolute": "1.0.1",
        "rimraf": "2.6.2"
      }
    },
    "fs.realpath": {
      "version": "1.0.0",
      "resolved": "https://registry.npmjs.org/fs.realpath/-/fs.realpath-1.0.0.tgz",
      "integrity": "sha1-FQStJSMVjKpA20onh8sBQRmU6k8="
    },
    "glob": {
      "version": "7.1.2",
      "resolved": "https://registry.npmjs.org/glob/-/glob-7.1.2.tgz",
      "integrity": "sha512-MJTUg1kjuLeQCJ+ccE4Vpa6kKVXkPYJ2mOCQyUuKLcLQsdrMCpBPUi8qVE6+YuaJkozeA9NusTAw3hLr8Xe5EQ==",
      "requires": {
        "fs.realpath": "1.0.0",
        "inflight": "1.0.6",
        "inherits": "2.0.3",
        "minimatch": "3.0.4",
        "once": "1.4.0",
        "path-is-absolute": "1.0.1"
      }
    },
    "graceful-fs": {
      "version": "4.1.11",
      "resolved": "https://registry.npmjs.org/graceful-fs/-/graceful-fs-4.1.11.tgz",
      "integrity": "sha1-Dovf5NHduIVNZOBOp8AOKgJuVlg="
    },
    "iconv-lite": {
      "version": "0.4.19",
      "resolved": "https://registry.npmjs.org/iconv-lite/-/iconv-lite-0.4.19.tgz",
      "integrity": "sha512-oTZqweIP51xaGPI4uPa56/Pri/480R+mo7SeU+YETByQNhDG55ycFyNLIgta9vXhILrxXDmF7ZGhqZIcuN0gJQ=="
    },
    "inflight": {
      "version": "1.0.6",
      "resolved": "https://registry.npmjs.org/inflight/-/inflight-1.0.6.tgz",
      "integrity": "sha1-Sb1jMdfQLQwJvJEKEHW6gWW1bfk=",
      "requires": {
        "once": "1.4.0",
        "wrappy": "1.0.2"
      }
    },
    "inherits": {
      "version": "2.0.3",
      "resolved": "https://registry.npmjs.org/inherits/-/inherits-2.0.3.tgz",
      "integrity": "sha1-Yzwsg+PaQqUC9SRmAiSA9CCCYd4="
    },
    "is-stream": {
      "version": "1.1.0",
      "resolved": "https://registry.npmjs.org/is-stream/-/is-stream-1.1.0.tgz",
      "integrity": "sha1-EtSj3U5o4Lec6428hBc66A2RykQ="
    },
    "isomorphic-fetch": {
      "version": "2.2.1",
      "resolved": "https://registry.npmjs.org/isomorphic-fetch/-/isomorphic-fetch-2.2.1.tgz",
      "integrity": "sha1-YRrhrPFPXoH3KVB0coGf6XM1WKk=",
      "requires": {
        "node-fetch": "1.7.3",
        "whatwg-fetch": "2.0.3"
      }
    },
    "isstream": {
      "version": "0.1.2",
      "resolved": "https://registry.npmjs.org/isstream/-/isstream-0.1.2.tgz",
      "integrity": "sha1-R+Y/evVa+m+S4VAOaQ64uFKcCZo="
    },
    "js-tokens": {
      "version": "3.0.2",
      "resolved": "https://registry.npmjs.org/js-tokens/-/js-tokens-3.0.2.tgz",
      "integrity": "sha1-mGbfOVECEw449/mWvOtlRDIJwls="
    },
    "jsonfile": {
      "version": "2.4.0",
      "resolved": "https://registry.npmjs.org/jsonfile/-/jsonfile-2.4.0.tgz",
      "integrity": "sha1-NzaitCi4e72gzIO1P6PWM6NcKug=",
      "requires": {
        "graceful-fs": "4.1.11"
      }
    },
    "klaw": {
      "version": "1.3.1",
      "resolved": "https://registry.npmjs.org/klaw/-/klaw-1.3.1.tgz",
      "integrity": "sha1-QIhDO0azsbolnXh4XY6W9zugJDk=",
      "requires": {
        "graceful-fs": "4.1.11"
      }
    },
    "lodash": {
      "version": "4.17.4",
      "resolved": "https://registry.npmjs.org/lodash/-/lodash-4.17.4.tgz",
      "integrity": "sha1-eCA6TRwyiuHYbcpkYONptX9AVa4="
    },
    "loose-envify": {
      "version": "1.3.1",
      "resolved": "https://registry.npmjs.org/loose-envify/-/loose-envify-1.3.1.tgz",
      "integrity": "sha1-0aitM/qc4OcT1l/dCsi3SNR4yEg=",
      "requires": {
        "js-tokens": "3.0.2"
      }
    },
    "minimalistic-assert": {
      "version": "1.0.0",
      "resolved": "https://registry.npmjs.org/minimalistic-assert/-/minimalistic-assert-1.0.0.tgz",
      "integrity": "sha1-cCvi3aazf0g2vLP121ZkG2Sh09M="
    },
    "minimatch": {
      "version": "3.0.4",
      "resolved": "https://registry.npmjs.org/minimatch/-/minimatch-3.0.4.tgz",
      "integrity": "sha512-yJHVQEhyqPLUTgt9B83PXu6W3rx4MvvHvSUvToogpwoGDOUQ+yDrR0HRot+yOCdCO7u4hX3pWft6kWBBcqh0UA==",
      "requires": {
        "brace-expansion": "1.1.8"
      }
    },
    "node-fetch": {
      "version": "1.7.3",
      "resolved": "https://registry.npmjs.org/node-fetch/-/node-fetch-1.7.3.tgz",
      "integrity": "sha512-NhZ4CsKx7cYm2vSrBAr2PvFOe6sWDf0UYLRqA6svUYg7+/TSfVAu49jYC4BvQ4Sms9SZgdqGBgroqfDhJdTyKQ==",
      "requires": {
        "encoding": "0.1.12",
        "is-stream": "1.1.0"
      }
    },
    "object-assign": {
      "version": "4.1.1",
      "resolved": "https://registry.npmjs.org/object-assign/-/object-assign-4.1.1.tgz",
      "integrity": "sha1-IQmtx5ZYh8/AXLvUQsrIv7s2CGM="
    },
    "once": {
      "version": "1.4.0",
      "resolved": "https://registry.npmjs.org/once/-/once-1.4.0.tgz",
      "integrity": "sha1-WDsap3WWHUsROsF9nFC6753Xa9E=",
      "requires": {
        "wrappy": "1.0.2"
      }
    },
    "path-is-absolute": {
      "version": "1.0.1",
      "resolved": "https://registry.npmjs.org/path-is-absolute/-/path-is-absolute-1.0.1.tgz",
      "integrity": "sha1-F0uSaHNVNP+8es5r9TpanhtcX18="
    },
    "pkginfo": {
      "version": "0.3.1",
      "resolved": "https://registry.npmjs.org/pkginfo/-/pkginfo-0.3.1.tgz",
      "integrity": "sha1-Wyn2qB9wcXFC4J52W76rl7T4HiE="
    },
    "platform": {
      "version": "1.3.4",
      "resolved": "https://registry.npmjs.org/platform/-/platform-1.3.4.tgz",
      "integrity": "sha1-bw+xftqqSPIUQrOpdcBjEw8cPr0="
    },
    "pop-iterate": {
      "version": "1.0.1",
      "resolved": "https://registry.npmjs.org/pop-iterate/-/pop-iterate-1.0.1.tgz",
      "integrity": "sha1-zqz9q0q/NT16DyqqLB/Hs/lBO6M="
    },
    "promise": {
      "version": "7.3.1",
      "resolved": "https://registry.npmjs.org/promise/-/promise-7.3.1.tgz",
      "integrity": "sha512-nolQXZ/4L+bP/UGlkfaIujX9BKxGwmQ9OT4mOt5yvy8iK1h3wqTEJCijzGANTCCl9nWjY41juyAn2K3Q1hLLTg==",
      "requires": {
        "asap": "2.0.6"
      }
    },
    "prop-types": {
      "version": "15.6.0",
      "resolved": "https://registry.npmjs.org/prop-types/-/prop-types-15.6.0.tgz",
      "integrity": "sha1-zq8IMCL8RrSjX2nhPvda7Q1jmFY=",
      "requires": {
        "fbjs": "0.8.16",
        "loose-envify": "1.3.1",
        "object-assign": "4.1.1"
      }
    },
    "q": {
      "version": "2.0.3",
      "resolved": "https://registry.npmjs.org/q/-/q-2.0.3.tgz",
      "integrity": "sha1-dbjbAlWhpa+C9Yw/Oqoe/sfQ0TQ=",
      "requires": {
        "asap": "2.0.6",
        "pop-iterate": "1.0.1",
        "weak-map": "1.0.5"
      }
    },
    "react": {
      "version": "16.1.0",
      "resolved": "https://registry.npmjs.org/react/-/react-16.1.0.tgz",
      "integrity": "sha512-hvKYlKqde2JNnNiEzORvSA0J1L7uSZ43l+J89ZNoP4EXxQrVNH0CFj8vorfPou3w+1ou1BNMBir2VVsuXtETRA==",
      "requires": {
        "fbjs": "0.8.16",
        "loose-envify": "1.3.1",
        "object-assign": "4.1.1",
        "prop-types": "15.6.0"
      }
    },
    "react-dom": {
      "version": "16.1.0",
      "resolved": "https://registry.npmjs.org/react-dom/-/react-dom-16.1.0.tgz",
      "integrity": "sha512-i9in5qW3H2PDinUPD9bnQK7tLAD8LhjYQ+fXi3nJOvVnxOO3ErHq6RNEnKY7pbjTPt155e74q7al8eBUuyLtew==",
      "requires": {
        "fbjs": "0.8.16",
        "loose-envify": "1.3.1",
        "object-assign": "4.1.1",
        "prop-types": "15.6.0"
      }
    },
    "rimraf": {
      "version": "2.6.2",
      "resolved": "https://registry.npmjs.org/rimraf/-/rimraf-2.6.2.tgz",
      "integrity": "sha512-lreewLK/BlghmxtfH36YYVg1i8IAce4TI7oao75I1g245+6BctqTVQiBP3YUJ9C6DQOXJmkYR9X9fCLtCOJc5w==",
      "requires": {
        "glob": "7.1.2"
      }
    },
    "setimmediate": {
      "version": "1.0.5",
      "resolved": "https://registry.npmjs.org/setimmediate/-/setimmediate-1.0.5.tgz",
      "integrity": "sha1-KQy7Iy4waULX1+qbg3Mqt4VvgoU="
    },
    "source-map": {
      "version": "0.5.6",
      "resolved": "https://registry.npmjs.org/source-map/-/source-map-0.5.6.tgz",
      "integrity": "sha1-dc449SvwczxafwwRjYEzSiu19BI="
    },
    "stack-trace": {
      "version": "0.0.10",
      "resolved": "https://registry.npmjs.org/stack-trace/-/stack-trace-0.0.10.tgz",
      "integrity": "sha1-VHxws0fo0ytOEI6hoqFZ5f3eGcA="
    },
    "stream-to-array": {
      "version": "2.3.0",
      "resolved": "https://registry.npmjs.org/stream-to-array/-/stream-to-array-2.3.0.tgz",
      "integrity": "sha1-u/azn19D7DC8cbq8s3VXrOzzQ1M=",
      "requires": {
        "any-promise": "1.3.0"
      }
    },
    "tlprt": {
      "version": "0.1.0",
      "resolved": "https://registry.npmjs.org/tlprt/-/tlprt-0.1.0.tgz",
      "integrity": "sha1-yUiBf3KRGtsoDZwXP9d+LjifH3I=",
      "requires": {
        "@bem/deps": "0.1.1",
        "bem-naming": "1.0.1",
        "bem-walk": "1.0.0-1",
        "fs-extra": "0.30.0",
        "lodash": "4.17.4",
        "stream-to-array": "2.3.0",
        "xjst-ddsl": "0.0.4"
      }
    },
    "ua-parser-js": {
      "version": "0.7.17",
      "resolved": "https://registry.npmjs.org/ua-parser-js/-/ua-parser-js-0.7.17.tgz",
      "integrity": "sha512-uRdSdu1oA1rncCQL7sCj8vSyZkgtL7faaw9Tc9rZ3mGgraQ7+Pdx7w5mnOSF3gw9ZNG6oc+KXfkon3bKuROm0g=="
    },
    "vidom": {
      "version": "0.3.3",
      "resolved": "https://registry.npmjs.org/vidom/-/vidom-0.3.3.tgz",
      "integrity": "sha1-dv3nsIOagB3vo7bHe0FOSjJWLfk="
    },
    "weak-map": {
      "version": "1.0.5",
      "resolved": "https://registry.npmjs.org/weak-map/-/weak-map-1.0.5.tgz",
      "integrity": "sha1-eWkVhNmGB/UHC9O3CkDmuyLkAes="
    },
    "whatwg-fetch": {
      "version": "2.0.3",
      "resolved": "https://registry.npmjs.org/whatwg-fetch/-/whatwg-fetch-2.0.3.tgz",
      "integrity": "sha1-nITsLc9oGH/wC8ZOEnS0QhduHIQ="
    },
    "winston": {
      "version": "0.8.3",
      "resolved": "https://registry.npmjs.org/winston/-/winston-0.8.3.tgz",
      "integrity": "sha1-ZLar9M0Brcrv1QCTk7HY6L7BnbA=",
      "requires": {
        "async": "0.2.10",
        "colors": "0.6.2",
        "cycle": "1.0.3",
        "eyes": "0.1.8",
        "isstream": "0.1.2",
        "pkginfo": "0.3.1",
        "stack-trace": "0.0.10"
      },
      "dependencies": {
        "colors": {
          "version": "0.6.2",
          "resolved": "https://registry.npmjs.org/colors/-/colors-0.6.2.tgz",
          "integrity": "sha1-JCP+ZnisDF2uiFLl0OW+CMmXq8w="
        }
      }
    },
    "wrappy": {
      "version": "1.0.2",
      "resolved": "https://registry.npmjs.org/wrappy/-/wrappy-1.0.2.tgz",
      "integrity": "sha1-tSQ9jz7BqjXxNkYFvA0QNuMKtp8="
    },
    "xjst-ddsl": {
      "version": "0.0.4",
      "resolved": "https://registry.npmjs.org/xjst-ddsl/-/xjst-ddsl-0.0.4.tgz",
      "integrity": "sha1-2L3lGSGn/s6YtQXYwx5pT5QfXvM=",
      "requires": {
        "bem-xjst": "6.7.1",
        "inherits": "2.0.3"
      },
      "dependencies": {
        "bem-xjst": {
          "version": "6.7.1",
          "resolved": "https://registry.npmjs.org/bem-xjst/-/bem-xjst-6.7.1.tgz",
          "integrity": "sha1-gXQepnqmOymfO2v1tcqx986sQK0=",
          "requires": {
            "coa": "1.0.4",
            "inherits": "2.0.3",
            "minimalistic-assert": "1.0.0",
            "q": "2.0.3"
          }
        }
      }
    }
  }
}
